{
  "name": "future_investment",
  "requires": true,
  "lockfileVersion": 1,
  "dependencies": {
    "@sinonjs/text-encoding": {
      "version": "0.7.1",
      "resolved": "https://registry.npmjs.org/@sinonjs/text-encoding/-/text-encoding-0.7.1.tgz",
      "integrity": "sha512-+iTbntw2IZPb/anVDbypzfQa+ay64MW0Zo8aJ8gZPWMMK6/OubMVb6lUPMagqjOPnmtauXnFCACVl3O7ogjeqQ==",
      "optional": true
    },
    "@zxing/library": {
      "version": "0.17.0",
      "resolved": "https://registry.npmjs.org/@zxing/library/-/library-0.17.0.tgz",
      "integrity": "sha512-P7T2k0y2mhtLyXDoHI4IzwD2KDId/CCi9PMy56Xvr2MCj+gO8RfAy0loOX9TF9eWmhi5LzbSxcz4Xkvi1Bs0/Q==",
      "requires": {
        "@sinonjs/text-encoding": "0.7.1",
        "ts-custom-error": "^3.0.0"
      }
    },
    "ts-custom-error": {
      "version": "3.1.1",
      "resolved": "https://registry.npmjs.org/ts-custom-error/-/ts-custom-error-3.1.1.tgz",
      "integrity": "sha512-f/syoy+pTE4z82qaiRuthEeZtCGNKzlfs0Zc8jpQFcz/CYMaFSwFSdfFt1sSFnPlDLOEm7RCROdIxZ44N8UlwA=="
    }
  }
}
